// !$*UTF8*$!
{
	archiveVersion = 1;
	classes = {
	};
	objectVersion = 46;
	objects = {

/* Begin PBXBuildFile section */
		1D3623260D0F684500981E51 /* NowPlayingFriendsAppDelegate.m in Sources */ = {isa = PBXBuildFile; fileRef = 1D3623250D0F684500981E51 /* NowPlayingFriendsAppDelegate.m */; };
		1D60589B0D05DD56006BFB54 /* main.m in Sources */ = {isa = PBXBuildFile; fileRef = 29B97316FDCFA39411CA2CEA /* main.m */; };
		1D60589F0D05DD5A006BFB54 /* Foundation.framework in Frameworks */ = {isa = PBXBuildFile; fileRef = 1D30AB110D05D00D00671497 /* Foundation.framework */; };
		1DF5F4E00D08C38300B7A737 /* UIKit.framework in Frameworks */ = {isa = PBXBuildFile; fileRef = 1DF5F4DF0D08C38300B7A737 /* UIKit.framework */; };
		28193060112F816700ECF9B4 /* NowPlayingFriends.xcdatamodeld in Sources */ = {isa = PBXBuildFile; fileRef = 2819305F112F816700ECF9B4 /* NowPlayingFriends.xcdatamodeld */; };
		288765A50DF7441C002DB57D /* CoreGraphics.framework in Frameworks */ = {isa = PBXBuildFile; fileRef = 288765A40DF7441C002DB57D /* CoreGraphics.framework */; };
		28AD733F0D9D9553002E5188 /* MainWindow.xib in Resources */ = {isa = PBXBuildFile; fileRef = 28AD733E0D9D9553002E5188 /* MainWindow.xib */; };
		28D801B40F44B63D00FB423F /* CoreData.framework in Frameworks */ = {isa = PBXBuildFile; fileRef = 28D801B30F44B63D00FB423F /* CoreData.framework */; };
		5480C258121E4E5D00F6E1C6 /* AVFoundation.framework in Frameworks */ = {isa = PBXBuildFile; fileRef = 5480C257121E4E5D00F6E1C6 /* AVFoundation.framework */; };
		5480C25C121E4E7900F6E1C6 /* AudioToolbox.framework in Frameworks */ = {isa = PBXBuildFile; fileRef = 5480C25B121E4E7900F6E1C6 /* AudioToolbox.framework */; };
		5480C260121E4E8700F6E1C6 /* MediaPlayer.framework in Frameworks */ = {isa = PBXBuildFile; fileRef = 5480C25F121E4E8700F6E1C6 /* MediaPlayer.framework */; };
		5480C3B6121FA14D00F6E1C6 /* 112-group.png in Resources */ = {isa = PBXBuildFile; fileRef = 5480C3B5121FA14D00F6E1C6 /* 112-group.png */; };
		5480C3C2121FA2BC00F6E1C6 /* 65-note.png in Resources */ = {isa = PBXBuildFile; fileRef = 5480C3C1121FA2BC00F6E1C6 /* 65-note.png */; };
		5480C3C5121FA33900F6E1C6 /* 09-chat2.png in Resources */ = {isa = PBXBuildFile; fileRef = 5480C3C4121FA33900F6E1C6 /* 09-chat2.png */; };
		5480C3C8121FA3A400F6E1C6 /* 120-headphones.png in Resources */ = {isa = PBXBuildFile; fileRef = 5480C3C7121FA3A400F6E1C6 /* 120-headphones.png */; };
		54C1DC3D1213F3ED00EBD811 /* FriendsViewController.m in Sources */ = {isa = PBXBuildFile; fileRef = 54C1DC3B1213F3ED00EBD811 /* FriendsViewController.m */; };
		54C1DC3E1213F3ED00EBD811 /* NowPlayingViewControllers.xib in Resources */ = {isa = PBXBuildFile; fileRef = 54C1DC3C1213F3ED00EBD811 /* NowPlayingViewControllers.xib */; };
		54C1DC88121415DB00EBD811 /* FriendCell.m in Sources */ = {isa = PBXBuildFile; fileRef = 54C1DC87121415DB00EBD811 /* FriendCell.m */; };
		54C1DC8A1214162600EBD811 /* FriendCell.xib in Resources */ = {isa = PBXBuildFile; fileRef = 54C1DC891214162600EBD811 /* FriendCell.xib */; };
		54C1DCC11214EC9F00EBD811 /* OACall.m in Sources */ = {isa = PBXBuildFile; fileRef = 54C1DCA81214EC9F00EBD811 /* OACall.m */; };
		54C1DCC21214EC9F00EBD811 /* OAConsumer.m in Sources */ = {isa = PBXBuildFile; fileRef = 54C1DCAA1214EC9F00EBD811 /* OAConsumer.m */; };
		54C1DCC31214EC9F00EBD811 /* OADataFetcher.m in Sources */ = {isa = PBXBuildFile; fileRef = 54C1DCAC1214EC9F00EBD811 /* OADataFetcher.m */; };
		54C1DCC41214EC9F00EBD811 /* OAHMAC_SHA1SignatureProvider.m in Sources */ = {isa = PBXBuildFile; fileRef = 54C1DCAE1214EC9F00EBD811 /* OAHMAC_SHA1SignatureProvider.m */; };
		54C1DCC51214EC9F00EBD811 /* OAMutableURLRequest.m in Sources */ = {isa = PBXBuildFile; fileRef = 54C1DCB01214EC9F00EBD811 /* OAMutableURLRequest.m */; };
		54C1DCC61214EC9F00EBD811 /* OAPlaintextSignatureProvider.m in Sources */ = {isa = PBXBuildFile; fileRef = 54C1DCB21214EC9F00EBD811 /* OAPlaintextSignatureProvider.m */; };
		54C1DCC71214EC9F00EBD811 /* OAProblem.m in Sources */ = {isa = PBXBuildFile; fileRef = 54C1DCB41214EC9F00EBD811 /* OAProblem.m */; };
		54C1DCC81214EC9F00EBD811 /* OARequestParameter.m in Sources */ = {isa = PBXBuildFile; fileRef = 54C1DCB61214EC9F00EBD811 /* OARequestParameter.m */; };
		54C1DCC91214EC9F00EBD811 /* OAServiceTicket.m in Sources */ = {isa = PBXBuildFile; fileRef = 54C1DCB81214EC9F00EBD811 /* OAServiceTicket.m */; };
		54C1DCCA1214EC9F00EBD811 /* OATestServer.rb in Resources */ = {isa = PBXBuildFile; fileRef = 54C1DCBA1214EC9F00EBD811 /* OATestServer.rb */; };
		54C1DCCB1214EC9F00EBD811 /* OAToken.m in Sources */ = {isa = PBXBuildFile; fileRef = 54C1DCBC1214EC9F00EBD811 /* OAToken.m */; };
		54C1DCCC1214EC9F00EBD811 /* OATokenManager.m in Sources */ = {isa = PBXBuildFile; fileRef = 54C1DCBE1214EC9F00EBD811 /* OATokenManager.m */; };
		54C1DCCD1214EC9F00EBD811 /* README in Resources */ = {isa = PBXBuildFile; fileRef = 54C1DCC01214EC9F00EBD811 /* README */; };
		54C1DCD91214ED0100EBD811 /* NSMutableURLRequest+Parameters.m in Sources */ = {isa = PBXBuildFile; fileRef = 54C1DCD41214ED0100EBD811 /* NSMutableURLRequest+Parameters.m */; };
		54C1DCDA1214ED0100EBD811 /* NSString+URLEncoding.m in Sources */ = {isa = PBXBuildFile; fileRef = 54C1DCD61214ED0100EBD811 /* NSString+URLEncoding.m */; };
		54C1DCDB1214ED0100EBD811 /* NSURL+Base.m in Sources */ = {isa = PBXBuildFile; fileRef = 54C1DCD81214ED0100EBD811 /* NSURL+Base.m */; };
		54C1DCE21214ED2B00EBD811 /* Base64Transcoder.c in Sources */ = {isa = PBXBuildFile; fileRef = 54C1DCDC1214ED2B00EBD811 /* Base64Transcoder.c */; };
		54C1DCE31214ED2B00EBD811 /* hmac.c in Sources */ = {isa = PBXBuildFile; fileRef = 54C1DCDE1214ED2B00EBD811 /* hmac.c */; };
		54C1DCE41214ED2B00EBD811 /* sha1.c in Sources */ = {isa = PBXBuildFile; fileRef = 54C1DCE01214ED2B00EBD811 /* sha1.c */; };
		54C1DCED1214F8A900EBD811 /* TwitterClient.m in Sources */ = {isa = PBXBuildFile; fileRef = 54C1DCEC1214F8A900EBD811 /* TwitterClient.m */; };
		54C1DD061215103000EBD811 /* NSObject+SBJSON.m in Sources */ = {isa = PBXBuildFile; fileRef = 54C1DCFD1215103000EBD811 /* NSObject+SBJSON.m */; };
		54C1DD071215103000EBD811 /* NSString+SBJSON.m in Sources */ = {isa = PBXBuildFile; fileRef = 54C1DCFF1215103000EBD811 /* NSString+SBJSON.m */; };
		54C1DD081215103000EBD811 /* SBJsonBase.m in Sources */ = {isa = PBXBuildFile; fileRef = 54C1DD011215103000EBD811 /* SBJsonBase.m */; };
		54C1DD091215103000EBD811 /* SBJsonParser.m in Sources */ = {isa = PBXBuildFile; fileRef = 54C1DD031215103000EBD811 /* SBJsonParser.m */; };
		54C1DD0A1215103000EBD811 /* SBJsonWriter.m in Sources */ = {isa = PBXBuildFile; fileRef = 54C1DD051215103000EBD811 /* SBJsonWriter.m */; };
		54C1DFEA1216C77F00EBD811 /* NowPlayingViewController.m in Sources */ = {isa = PBXBuildFile; fileRef = 54C1DFE91216C77F00EBD811 /* NowPlayingViewController.m */; };
		54C1E00D1216CA7E00EBD811 /* ArtistFriendsViewController.m in Sources */ = {isa = PBXBuildFile; fileRef = 54C1E00C1216CA7E00EBD811 /* ArtistFriendsViewController.m */; };
		54C1E0131216CB0700EBD811 /* SongFriendsViewController.m in Sources */ = {isa = PBXBuildFile; fileRef = 54C1E0121216CB0700EBD811 /* SongFriendsViewController.m */; };
		54C1E0541217B48C00EBD811 /* MusicPlayerViewController.m in Sources */ = {isa = PBXBuildFile; fileRef = 54C1E0521217B48C00EBD811 /* MusicPlayerViewController.m */; };
		54C1E0551217B48C00EBD811 /* MusicPlayerViewController.xib in Resources */ = {isa = PBXBuildFile; fileRef = 54C1E0531217B48C00EBD811 /* MusicPlayerViewController.xib */; };
/* End PBXBuildFile section */

/* Begin PBXFileReference section */
		1D30AB110D05D00D00671497 /* Foundation.framework */ = {isa = PBXFileReference; lastKnownFileType = wrapper.framework; name = Foundation.framework; path = System/Library/Frameworks/Foundation.framework; sourceTree = SDKROOT; };
		1D3623240D0F684500981E51 /* NowPlayingFriendsAppDelegate.h */ = {isa = PBXFileReference; fileEncoding = 4; lastKnownFileType = sourcecode.c.h; path = NowPlayingFriendsAppDelegate.h; sourceTree = "<group>"; };
		1D3623250D0F684500981E51 /* NowPlayingFriendsAppDelegate.m */ = {isa = PBXFileReference; fileEncoding = 4; lastKnownFileType = sourcecode.c.objc; path = NowPlayingFriendsAppDelegate.m; sourceTree = "<group>"; };
		1D6058910D05DD3D006BFB54 /* NowPlayingFriends.app */ = {isa = PBXFileReference; explicitFileType = wrapper.application; includeInIndex = 0; path = NowPlayingFriends.app; sourceTree = BUILT_PRODUCTS_DIR; };
		1DF5F4DF0D08C38300B7A737 /* UIKit.framework */ = {isa = PBXFileReference; lastKnownFileType = wrapper.framework; name = UIKit.framework; path = System/Library/Frameworks/UIKit.framework; sourceTree = SDKROOT; };
		288765A40DF7441C002DB57D /* CoreGraphics.framework */ = {isa = PBXFileReference; lastKnownFileType = wrapper.framework; name = CoreGraphics.framework; path = System/Library/Frameworks/CoreGraphics.framework; sourceTree = SDKROOT; };
		28AD733E0D9D9553002E5188 /* MainWindow.xib */ = {isa = PBXFileReference; lastKnownFileType = file.xib; path = MainWindow.xib; sourceTree = "<group>"; };
		28C3AD890F43EF2300507BA6 /* NowPlayingFriends.xcdatamodel */ = {isa = PBXFileReference; fileEncoding = 4; lastKnownFileType = wrapper.xcdatamodel; path = NowPlayingFriends.xcdatamodel; sourceTree = "<group>"; };
		28D801B30F44B63D00FB423F /* CoreData.framework */ = {isa = PBXFileReference; lastKnownFileType = wrapper.framework; name = CoreData.framework; path = System/Library/Frameworks/CoreData.framework; sourceTree = SDKROOT; };
		29B97316FDCFA39411CA2CEA /* main.m */ = {isa = PBXFileReference; fileEncoding = 4; lastKnownFileType = sourcecode.c.objc; path = main.m; sourceTree = "<group>"; };
		32CA4F630368D1EE00C91783 /* NowPlayingFriends_Prefix.pch */ = {isa = PBXFileReference; fileEncoding = 4; lastKnownFileType = sourcecode.c.h; path = NowPlayingFriends_Prefix.pch; sourceTree = "<group>"; };
		5480C257121E4E5D00F6E1C6 /* AVFoundation.framework */ = {isa = PBXFileReference; lastKnownFileType = wrapper.framework; name = AVFoundation.framework; path = System/Library/Frameworks/AVFoundation.framework; sourceTree = SDKROOT; };
		5480C25B121E4E7900F6E1C6 /* AudioToolbox.framework */ = {isa = PBXFileReference; lastKnownFileType = wrapper.framework; name = AudioToolbox.framework; path = System/Library/Frameworks/AudioToolbox.framework; sourceTree = SDKROOT; };
		5480C25F121E4E8700F6E1C6 /* MediaPlayer.framework */ = {isa = PBXFileReference; lastKnownFileType = wrapper.framework; name = MediaPlayer.framework; path = System/Library/Frameworks/MediaPlayer.framework; sourceTree = SDKROOT; };
		5480C3B5121FA14D00F6E1C6 /* 112-group.png */ = {isa = PBXFileReference; lastKnownFileType = image.png; path = "112-group.png"; sourceTree = "<group>"; };
		5480C3C1121FA2BC00F6E1C6 /* 65-note.png */ = {isa = PBXFileReference; lastKnownFileType = image.png; path = "65-note.png"; sourceTree = "<group>"; };
		5480C3C4121FA33900F6E1C6 /* 09-chat2.png */ = {isa = PBXFileReference; lastKnownFileType = image.png; path = "09-chat2.png"; sourceTree = "<group>"; };
		5480C3C7121FA3A400F6E1C6 /* 120-headphones.png */ = {isa = PBXFileReference; lastKnownFileType = image.png; path = "120-headphones.png"; sourceTree = "<group>"; };
		54C1DC3A1213F3ED00EBD811 /* FriendsViewController.h */ = {isa = PBXFileReference; fileEncoding = 4; lastKnownFileType = sourcecode.c.h; path = FriendsViewController.h; sourceTree = "<group>"; };
		54C1DC3B1213F3ED00EBD811 /* FriendsViewController.m */ = {isa = PBXFileReference; fileEncoding = 4; lastKnownFileType = sourcecode.c.objc; path = FriendsViewController.m; sourceTree = "<group>"; };
		54C1DC3C1213F3ED00EBD811 /* NowPlayingViewControllers.xib */ = {isa = PBXFileReference; lastKnownFileType = file.xib; name = NowPlayingViewControllers.xib; path = Classes/NowPlayingViewControllers.xib; sourceTree = "<group>"; };
		54C1DC86121415DB00EBD811 /* FriendCell.h */ = {isa = PBXFileReference; fileEncoding = 4; lastKnownFileType = sourcecode.c.h; path = FriendCell.h; sourceTree = "<group>"; };
		54C1DC87121415DB00EBD811 /* FriendCell.m */ = {isa = PBXFileReference; fileEncoding = 4; lastKnownFileType = sourcecode.c.objc; path = FriendCell.m; sourceTree = "<group>"; };
		54C1DC891214162600EBD811 /* FriendCell.xib */ = {isa = PBXFileReference; lastKnownFileType = file.xib; path = FriendCell.xib; sourceTree = "<group>"; };
		54C1DCA71214EC9F00EBD811 /* OACall.h */ = {isa = PBXFileReference; fileEncoding = 4; lastKnownFileType = sourcecode.c.h; name = OACall.h; path = OAuthConsumer/OACall.h; sourceTree = "<group>"; };
		54C1DCA81214EC9F00EBD811 /* OACall.m */ = {isa = PBXFileReference; fileEncoding = 4; lastKnownFileType = sourcecode.c.objc; name = OACall.m; path = OAuthConsumer/OACall.m; sourceTree = "<group>"; };
		54C1DCA91214EC9F00EBD811 /* OAConsumer.h */ = {isa = PBXFileReference; fileEncoding = 4; lastKnownFileType = sourcecode.c.h; name = OAConsumer.h; path = OAuthConsumer/OAConsumer.h; sourceTree = "<group>"; };
		54C1DCAA1214EC9F00EBD811 /* OAConsumer.m */ = {isa = PBXFileReference; fileEncoding = 4; lastKnownFileType = sourcecode.c.objc; name = OAConsumer.m; path = OAuthConsumer/OAConsumer.m; sourceTree = "<group>"; };
		54C1DCAB1214EC9F00EBD811 /* OADataFetcher.h */ = {isa = PBXFileReference; fileEncoding = 4; lastKnownFileType = sourcecode.c.h; name = OADataFetcher.h; path = OAuthConsumer/OADataFetcher.h; sourceTree = "<group>"; };
		54C1DCAC1214EC9F00EBD811 /* OADataFetcher.m */ = {isa = PBXFileReference; fileEncoding = 4; lastKnownFileType = sourcecode.c.objc; name = OADataFetcher.m; path = OAuthConsumer/OADataFetcher.m; sourceTree = "<group>"; };
		54C1DCAD1214EC9F00EBD811 /* OAHMAC_SHA1SignatureProvider.h */ = {isa = PBXFileReference; fileEncoding = 4; lastKnownFileType = sourcecode.c.h; name = OAHMAC_SHA1SignatureProvider.h; path = OAuthConsumer/OAHMAC_SHA1SignatureProvider.h; sourceTree = "<group>"; };
		54C1DCAE1214EC9F00EBD811 /* OAHMAC_SHA1SignatureProvider.m */ = {isa = PBXFileReference; fileEncoding = 4; lastKnownFileType = sourcecode.c.objc; name = OAHMAC_SHA1SignatureProvider.m; path = OAuthConsumer/OAHMAC_SHA1SignatureProvider.m; sourceTree = "<group>"; };
		54C1DCAF1214EC9F00EBD811 /* OAMutableURLRequest.h */ = {isa = PBXFileReference; fileEncoding = 4; lastKnownFileType = sourcecode.c.h; name = OAMutableURLRequest.h; path = OAuthConsumer/OAMutableURLRequest.h; sourceTree = "<group>"; };
		54C1DCB01214EC9F00EBD811 /* OAMutableURLRequest.m */ = {isa = PBXFileReference; fileEncoding = 4; lastKnownFileType = sourcecode.c.objc; name = OAMutableURLRequest.m; path = OAuthConsumer/OAMutableURLRequest.m; sourceTree = "<group>"; };
		54C1DCB11214EC9F00EBD811 /* OAPlaintextSignatureProvider.h */ = {isa = PBXFileReference; fileEncoding = 4; lastKnownFileType = sourcecode.c.h; name = OAPlaintextSignatureProvider.h; path = OAuthConsumer/OAPlaintextSignatureProvider.h; sourceTree = "<group>"; };
		54C1DCB21214EC9F00EBD811 /* OAPlaintextSignatureProvider.m */ = {isa = PBXFileReference; fileEncoding = 4; lastKnownFileType = sourcecode.c.objc; name = OAPlaintextSignatureProvider.m; path = OAuthConsumer/OAPlaintextSignatureProvider.m; sourceTree = "<group>"; };
		54C1DCB31214EC9F00EBD811 /* OAProblem.h */ = {isa = PBXFileReference; fileEncoding = 4; lastKnownFileType = sourcecode.c.h; name = OAProblem.h; path = OAuthConsumer/OAProblem.h; sourceTree = "<group>"; };
		54C1DCB41214EC9F00EBD811 /* OAProblem.m */ = {isa = PBXFileReference; fileEncoding = 4; lastKnownFileType = sourcecode.c.objc; name = OAProblem.m; path = OAuthConsumer/OAProblem.m; sourceTree = "<group>"; };
		54C1DCB51214EC9F00EBD811 /* OARequestParameter.h */ = {isa = PBXFileReference; fileEncoding = 4; lastKnownFileType = sourcecode.c.h; name = OARequestParameter.h; path = OAuthConsumer/OARequestParameter.h; sourceTree = "<group>"; };
		54C1DCB61214EC9F00EBD811 /* OARequestParameter.m */ = {isa = PBXFileReference; fileEncoding = 4; lastKnownFileType = sourcecode.c.objc; name = OARequestParameter.m; path = OAuthConsumer/OARequestParameter.m; sourceTree = "<group>"; };
		54C1DCB71214EC9F00EBD811 /* OAServiceTicket.h */ = {isa = PBXFileReference; fileEncoding = 4; lastKnownFileType = sourcecode.c.h; name = OAServiceTicket.h; path = OAuthConsumer/OAServiceTicket.h; sourceTree = "<group>"; };
		54C1DCB81214EC9F00EBD811 /* OAServiceTicket.m */ = {isa = PBXFileReference; fileEncoding = 4; lastKnownFileType = sourcecode.c.objc; name = OAServiceTicket.m; path = OAuthConsumer/OAServiceTicket.m; sourceTree = "<group>"; };
		54C1DCB91214EC9F00EBD811 /* OASignatureProviding.h */ = {isa = PBXFileReference; fileEncoding = 4; lastKnownFileType = sourcecode.c.h; name = OASignatureProviding.h; path = OAuthConsumer/OASignatureProviding.h; sourceTree = "<group>"; };
		54C1DCBA1214EC9F00EBD811 /* OATestServer.rb */ = {isa = PBXFileReference; fileEncoding = 4; lastKnownFileType = text.script.ruby; name = OATestServer.rb; path = OAuthConsumer/OATestServer.rb; sourceTree = "<group>"; };
		54C1DCBB1214EC9F00EBD811 /* OAToken.h */ = {isa = PBXFileReference; fileEncoding = 4; lastKnownFileType = sourcecode.c.h; name = OAToken.h; path = OAuthConsumer/OAToken.h; sourceTree = "<group>"; };
		54C1DCBC1214EC9F00EBD811 /* OAToken.m */ = {isa = PBXFileReference; fileEncoding = 4; lastKnownFileType = sourcecode.c.objc; name = OAToken.m; path = OAuthConsumer/OAToken.m; sourceTree = "<group>"; };
		54C1DCBD1214EC9F00EBD811 /* OATokenManager.h */ = {isa = PBXFileReference; fileEncoding = 4; lastKnownFileType = sourcecode.c.h; name = OATokenManager.h; path = OAuthConsumer/OATokenManager.h; sourceTree = "<group>"; };
		54C1DCBE1214EC9F00EBD811 /* OATokenManager.m */ = {isa = PBXFileReference; fileEncoding = 4; lastKnownFileType = sourcecode.c.objc; name = OATokenManager.m; path = OAuthConsumer/OATokenManager.m; sourceTree = "<group>"; };
		54C1DCBF1214EC9F00EBD811 /* OAuthConsumer.h */ = {isa = PBXFileReference; fileEncoding = 4; lastKnownFileType = sourcecode.c.h; name = OAuthConsumer.h; path = OAuthConsumer/OAuthConsumer.h; sourceTree = "<group>"; };
		54C1DCC01214EC9F00EBD811 /* README */ = {isa = PBXFileReference; fileEncoding = 4; lastKnownFileType = text; name = README; path = OAuthConsumer/README; sourceTree = "<group>"; };
		54C1DCD31214ED0100EBD811 /* NSMutableURLRequest+Parameters.h */ = {isa = PBXFileReference; fileEncoding = 4; lastKnownFileType = sourcecode.c.h; name = "NSMutableURLRequest+Parameters.h"; path = "OAuthConsumer/Categories/NSMutableURLRequest+Parameters.h"; sourceTree = "<group>"; };
		54C1DCD41214ED0100EBD811 /* NSMutableURLRequest+Parameters.m */ = {isa = PBXFileReference; fileEncoding = 4; lastKnownFileType = sourcecode.c.objc; name = "NSMutableURLRequest+Parameters.m"; path = "OAuthConsumer/Categories/NSMutableURLRequest+Parameters.m"; sourceTree = "<group>"; };
		54C1DCD51214ED0100EBD811 /* NSString+URLEncoding.h */ = {isa = PBXFileReference; fileEncoding = 4; lastKnownFileType = sourcecode.c.h; name = "NSString+URLEncoding.h"; path = "OAuthConsumer/Categories/NSString+URLEncoding.h"; sourceTree = "<group>"; };
		54C1DCD61214ED0100EBD811 /* NSString+URLEncoding.m */ = {isa = PBXFileReference; fileEncoding = 4; lastKnownFileType = sourcecode.c.objc; name = "NSString+URLEncoding.m"; path = "OAuthConsumer/Categories/NSString+URLEncoding.m"; sourceTree = "<group>"; };
		54C1DCD71214ED0100EBD811 /* NSURL+Base.h */ = {isa = PBXFileReference; fileEncoding = 4; lastKnownFileType = sourcecode.c.h; name = "NSURL+Base.h"; path = "OAuthConsumer/Categories/NSURL+Base.h"; sourceTree = "<group>"; };
		54C1DCD81214ED0100EBD811 /* NSURL+Base.m */ = {isa = PBXFileReference; fileEncoding = 4; lastKnownFileType = sourcecode.c.objc; name = "NSURL+Base.m"; path = "OAuthConsumer/Categories/NSURL+Base.m"; sourceTree = "<group>"; };
		54C1DCDC1214ED2B00EBD811 /* Base64Transcoder.c */ = {isa = PBXFileReference; fileEncoding = 4; lastKnownFileType = sourcecode.c.c; name = Base64Transcoder.c; path = OAuthConsumer/Crytpo/Base64Transcoder.c; sourceTree = "<group>"; };
		54C1DCDD1214ED2B00EBD811 /* Base64Transcoder.h */ = {isa = PBXFileReference; fileEncoding = 4; lastKnownFileType = sourcecode.c.h; name = Base64Transcoder.h; path = OAuthConsumer/Crytpo/Base64Transcoder.h; sourceTree = "<group>"; };
		54C1DCDE1214ED2B00EBD811 /* hmac.c */ = {isa = PBXFileReference; fileEncoding = 4; lastKnownFileType = sourcecode.c.c; name = hmac.c; path = OAuthConsumer/Crytpo/hmac.c; sourceTree = "<group>"; };
		54C1DCDF1214ED2B00EBD811 /* hmac.h */ = {isa = PBXFileReference; fileEncoding = 4; lastKnownFileType = sourcecode.c.h; name = hmac.h; path = OAuthConsumer/Crytpo/hmac.h; sourceTree = "<group>"; };
		54C1DCE01214ED2B00EBD811 /* sha1.c */ = {isa = PBXFileReference; fileEncoding = 4; lastKnownFileType = sourcecode.c.c; name = sha1.c; path = OAuthConsumer/Crytpo/sha1.c; sourceTree = "<group>"; };
		54C1DCE11214ED2B00EBD811 /* sha1.h */ = {isa = PBXFileReference; fileEncoding = 4; lastKnownFileType = sourcecode.c.h; name = sha1.h; path = OAuthConsumer/Crytpo/sha1.h; sourceTree = "<group>"; };
		54C1DCEB1214F8A900EBD811 /* TwitterClient.h */ = {isa = PBXFileReference; fileEncoding = 4; lastKnownFileType = sourcecode.c.h; path = TwitterClient.h; sourceTree = "<group>"; };
		54C1DCEC1214F8A900EBD811 /* TwitterClient.m */ = {isa = PBXFileReference; fileEncoding = 4; lastKnownFileType = sourcecode.c.objc; path = TwitterClient.m; sourceTree = "<group>"; };
		54C1DCF712150D1000EBD811 /* TwitterClient+ConsumerKey.h */ = {isa = PBXFileReference; fileEncoding = 4; lastKnownFileType = sourcecode.c.h; path = "TwitterClient+ConsumerKey.h"; sourceTree = "<group>"; };
		54C1DCFB1215103000EBD811 /* JSON.h */ = {isa = PBXFileReference; fileEncoding = 4; lastKnownFileType = sourcecode.c.h; path = JSON.h; sourceTree = "<group>"; };
		54C1DCFC1215103000EBD811 /* NSObject+SBJSON.h */ = {isa = PBXFileReference; fileEncoding = 4; lastKnownFileType = sourcecode.c.h; path = "NSObject+SBJSON.h"; sourceTree = "<group>"; };
		54C1DCFD1215103000EBD811 /* NSObject+SBJSON.m */ = {isa = PBXFileReference; fileEncoding = 4; lastKnownFileType = sourcecode.c.objc; path = "NSObject+SBJSON.m"; sourceTree = "<group>"; };
		54C1DCFE1215103000EBD811 /* NSString+SBJSON.h */ = {isa = PBXFileReference; fileEncoding = 4; lastKnownFileType = sourcecode.c.h; path = "NSString+SBJSON.h"; sourceTree = "<group>"; };
		54C1DCFF1215103000EBD811 /* NSString+SBJSON.m */ = {isa = PBXFileReference; fileEncoding = 4; lastKnownFileType = sourcecode.c.objc; path = "NSString+SBJSON.m"; sourceTree = "<group>"; };
		54C1DD001215103000EBD811 /* SBJsonBase.h */ = {isa = PBXFileReference; fileEncoding = 4; lastKnownFileType = sourcecode.c.h; path = SBJsonBase.h; sourceTree = "<group>"; };
		54C1DD011215103000EBD811 /* SBJsonBase.m */ = {isa = PBXFileReference; fileEncoding = 4; lastKnownFileType = sourcecode.c.objc; path = SBJsonBase.m; sourceTree = "<group>"; };
		54C1DD021215103000EBD811 /* SBJsonParser.h */ = {isa = PBXFileReference; fileEncoding = 4; lastKnownFileType = sourcecode.c.h; path = SBJsonParser.h; sourceTree = "<group>"; };
		54C1DD031215103000EBD811 /* SBJsonParser.m */ = {isa = PBXFileReference; fileEncoding = 4; lastKnownFileType = sourcecode.c.objc; path = SBJsonParser.m; sourceTree = "<group>"; };
		54C1DD041215103000EBD811 /* SBJsonWriter.h */ = {isa = PBXFileReference; fileEncoding = 4; lastKnownFileType = sourcecode.c.h; path = SBJsonWriter.h; sourceTree = "<group>"; };
		54C1DD051215103000EBD811 /* SBJsonWriter.m */ = {isa = PBXFileReference; fileEncoding = 4; lastKnownFileType = sourcecode.c.objc; path = SBJsonWriter.m; sourceTree = "<group>"; };
		54C1DFE81216C77F00EBD811 /* NowPlayingViewController.h */ = {isa = PBXFileReference; fileEncoding = 4; lastKnownFileType = sourcecode.c.h; path = NowPlayingViewController.h; sourceTree = "<group>"; };
		54C1DFE91216C77F00EBD811 /* NowPlayingViewController.m */ = {isa = PBXFileReference; fileEncoding = 4; lastKnownFileType = sourcecode.c.objc; path = NowPlayingViewController.m; sourceTree = "<group>"; };
		54C1E00B1216CA7E00EBD811 /* ArtistFriendsViewController.h */ = {isa = PBXFileReference; fileEncoding = 4; lastKnownFileType = sourcecode.c.h; path = ArtistFriendsViewController.h; sourceTree = "<group>"; };
		54C1E00C1216CA7E00EBD811 /* ArtistFriendsViewController.m */ = {isa = PBXFileReference; fileEncoding = 4; lastKnownFileType = sourcecode.c.objc; path = ArtistFriendsViewController.m; sourceTree = "<group>"; };
		54C1E0111216CB0700EBD811 /* SongFriendsViewController.h */ = {isa = PBXFileReference; fileEncoding = 4; lastKnownFileType = sourcecode.c.h; path = SongFriendsViewController.h; sourceTree = "<group>"; };
		54C1E0121216CB0700EBD811 /* SongFriendsViewController.m */ = {isa = PBXFileReference; fileEncoding = 4; lastKnownFileType = sourcecode.c.objc; path = SongFriendsViewController.m; sourceTree = "<group>"; };
		54C1E0511217B48C00EBD811 /* MusicPlayerViewController.h */ = {isa = PBXFileReference; fileEncoding = 4; lastKnownFileType = sourcecode.c.h; path = MusicPlayerViewController.h; sourceTree = "<group>"; };
		54C1E0521217B48C00EBD811 /* MusicPlayerViewController.m */ = {isa = PBXFileReference; fileEncoding = 4; lastKnownFileType = sourcecode.c.objc; path = MusicPlayerViewController.m; sourceTree = "<group>"; };
		54C1E0531217B48C00EBD811 /* MusicPlayerViewController.xib */ = {isa = PBXFileReference; lastKnownFileType = file.xib; name = MusicPlayerViewController.xib; path = Classes/MusicPlayerViewController.xib; sourceTree = "<group>"; };
		8D1107310486CEB800E47090 /* NowPlayingFriends-Info.plist */ = {isa = PBXFileReference; fileEncoding = 4; lastKnownFileType = text.plist.xml; path = "NowPlayingFriends-Info.plist"; plistStructureDefinitionIdentifier = "com.apple.xcode.plist.structure-definition.iphone.info-plist"; sourceTree = "<group>"; };
/* End PBXFileReference section */

/* Begin PBXFrameworksBuildPhase section */
		1D60588F0D05DD3D006BFB54 /* Frameworks */ = {
			isa = PBXFrameworksBuildPhase;
			buildActionMask = 2147483647;
			files = (
				1D60589F0D05DD5A006BFB54 /* Foundation.framework in Frameworks */,
				1DF5F4E00D08C38300B7A737 /* UIKit.framework in Frameworks */,
				288765A50DF7441C002DB57D /* CoreGraphics.framework in Frameworks */,
				28D801B40F44B63D00FB423F /* CoreData.framework in Frameworks */,
				5480C258121E4E5D00F6E1C6 /* AVFoundation.framework in Frameworks */,
				5480C25C121E4E7900F6E1C6 /* AudioToolbox.framework in Frameworks */,
				5480C260121E4E8700F6E1C6 /* MediaPlayer.framework in Frameworks */,
			);
			runOnlyForDeploymentPostprocessing = 0;
		};
/* End PBXFrameworksBuildPhase section */

/* Begin PBXGroup section */
		080E96DDFE201D6D7F000001 /* Classes */ = {
			isa = PBXGroup;
			children = (
				29B97317FDCFA39411CA2CEA /* Resources */,
				54C1DCFA1215103000EBD811 /* JSON */,
				54C1DCF712150D1000EBD811 /* TwitterClient+ConsumerKey.h */,
				54C1DCA61214EC6A00EBD811 /* OAuthConsumer */,
				1D3623240D0F684500981E51 /* NowPlayingFriendsAppDelegate.h */,
				1D3623250D0F684500981E51 /* NowPlayingFriendsAppDelegate.m */,
				54C1DC3A1213F3ED00EBD811 /* FriendsViewController.h */,
				54C1DC3B1213F3ED00EBD811 /* FriendsViewController.m */,
				54C1DC86121415DB00EBD811 /* FriendCell.h */,
				54C1DC87121415DB00EBD811 /* FriendCell.m */,
				54C1DCEB1214F8A900EBD811 /* TwitterClient.h */,
				54C1DCEC1214F8A900EBD811 /* TwitterClient.m */,
				54C1DFE81216C77F00EBD811 /* NowPlayingViewController.h */,
				54C1DFE91216C77F00EBD811 /* NowPlayingViewController.m */,
				54C1E00B1216CA7E00EBD811 /* ArtistFriendsViewController.h */,
				54C1E00C1216CA7E00EBD811 /* ArtistFriendsViewController.m */,
				54C1E0111216CB0700EBD811 /* SongFriendsViewController.h */,
				54C1E0121216CB0700EBD811 /* SongFriendsViewController.m */,
				54C1E0511217B48C00EBD811 /* MusicPlayerViewController.h */,
				54C1E0521217B48C00EBD811 /* MusicPlayerViewController.m */,
			);
			path = Classes;
			sourceTree = "<group>";
		};
		19C28FACFE9D520D11CA2CBB /* Products */ = {
			isa = PBXGroup;
			children = (
				1D6058910D05DD3D006BFB54 /* NowPlayingFriends.app */,
			);
			name = Products;
			sourceTree = "<group>";
		};
		29B97314FDCFA39411CA2CEA /* CustomTemplate */ = {
			isa = PBXGroup;
			children = (
				080E96DDFE201D6D7F000001 /* Classes */,
				29B97315FDCFA39411CA2CEA /* Other Sources */,
				29B97323FDCFA39411CA2CEA /* Frameworks */,
				19C28FACFE9D520D11CA2CBB /* Products */,
			);
			name = CustomTemplate;
			sourceTree = "<group>";
		};
		29B97315FDCFA39411CA2CEA /* Other Sources */ = {
			isa = PBXGroup;
			children = (
				32CA4F630368D1EE00C91783 /* NowPlayingFriends_Prefix.pch */,
				29B97316FDCFA39411CA2CEA /* main.m */,
			);
			name = "Other Sources";
			sourceTree = "<group>";
		};
		29B97317FDCFA39411CA2CEA /* Resources */ = {
			isa = PBXGroup;
			children = (
				5480C3B4121FA0CA00F6E1C6 /* tabBarIcons */,
				54C1E0531217B48C00EBD811 /* MusicPlayerViewController.xib */,
				54C1DC3C1213F3ED00EBD811 /* NowPlayingViewControllers.xib */,
				2819305F112F816700ECF9B4 /* NowPlayingFriends.xcdatamodeld */,
				28AD733E0D9D9553002E5188 /* MainWindow.xib */,
				8D1107310486CEB800E47090 /* NowPlayingFriends-Info.plist */,
				54C1DC891214162600EBD811 /* FriendCell.xib */,
			);
			name = Resources;
			path = ..;
			sourceTree = "<group>";
		};
		29B97323FDCFA39411CA2CEA /* Frameworks */ = {
			isa = PBXGroup;
			children = (
				1DF5F4DF0D08C38300B7A737 /* UIKit.framework */,
				1D30AB110D05D00D00671497 /* Foundation.framework */,
				288765A40DF7441C002DB57D /* CoreGraphics.framework */,
				28D801B30F44B63D00FB423F /* CoreData.framework */,
				5480C257121E4E5D00F6E1C6 /* AVFoundation.framework */,
				5480C25B121E4E7900F6E1C6 /* AudioToolbox.framework */,
				5480C25F121E4E8700F6E1C6 /* MediaPlayer.framework */,
			);
			name = Frameworks;
			sourceTree = "<group>";
		};
		5480C3B4121FA0CA00F6E1C6 /* tabBarIcons */ = {
			isa = PBXGroup;
			children = (
				5480C3C7121FA3A400F6E1C6 /* 120-headphones.png */,
				5480C3C4121FA33900F6E1C6 /* 09-chat2.png */,
				5480C3C1121FA2BC00F6E1C6 /* 65-note.png */,
				5480C3B5121FA14D00F6E1C6 /* 112-group.png */,
			);
			name = tabBarIcons;
			sourceTree = "<group>";
		};
		54C1DCA61214EC6A00EBD811 /* OAuthConsumer */ = {
			isa = PBXGroup;
			children = (
				54C1DCD21214ECD900EBD811 /* Crytpo */,
				54C1DCCE1214ECC200EBD811 /* Categories */,
				54C1DCA71214EC9F00EBD811 /* OACall.h */,
				54C1DCA81214EC9F00EBD811 /* OACall.m */,
				54C1DCA91214EC9F00EBD811 /* OAConsumer.h */,
				54C1DCAA1214EC9F00EBD811 /* OAConsumer.m */,
				54C1DCAB1214EC9F00EBD811 /* OADataFetcher.h */,
				54C1DCAC1214EC9F00EBD811 /* OADataFetcher.m */,
				54C1DCAD1214EC9F00EBD811 /* OAHMAC_SHA1SignatureProvider.h */,
				54C1DCAE1214EC9F00EBD811 /* OAHMAC_SHA1SignatureProvider.m */,
				54C1DCAF1214EC9F00EBD811 /* OAMutableURLRequest.h */,
				54C1DCB01214EC9F00EBD811 /* OAMutableURLRequest.m */,
				54C1DCB11214EC9F00EBD811 /* OAPlaintextSignatureProvider.h */,
				54C1DCB21214EC9F00EBD811 /* OAPlaintextSignatureProvider.m */,
				54C1DCB31214EC9F00EBD811 /* OAProblem.h */,
				54C1DCB41214EC9F00EBD811 /* OAProblem.m */,
				54C1DCB51214EC9F00EBD811 /* OARequestParameter.h */,
				54C1DCB61214EC9F00EBD811 /* OARequestParameter.m */,
				54C1DCB71214EC9F00EBD811 /* OAServiceTicket.h */,
				54C1DCB81214EC9F00EBD811 /* OAServiceTicket.m */,
				54C1DCB91214EC9F00EBD811 /* OASignatureProviding.h */,
				54C1DCBA1214EC9F00EBD811 /* OATestServer.rb */,
				54C1DCBB1214EC9F00EBD811 /* OAToken.h */,
				54C1DCBC1214EC9F00EBD811 /* OAToken.m */,
				54C1DCBD1214EC9F00EBD811 /* OATokenManager.h */,
				54C1DCBE1214EC9F00EBD811 /* OATokenManager.m */,
				54C1DCBF1214EC9F00EBD811 /* OAuthConsumer.h */,
				54C1DCC01214EC9F00EBD811 /* README */,
			);
			name = OAuthConsumer;
			sourceTree = "<group>";
		};
		54C1DCCE1214ECC200EBD811 /* Categories */ = {
			isa = PBXGroup;
			children = (
				54C1DCD31214ED0100EBD811 /* NSMutableURLRequest+Parameters.h */,
				54C1DCD41214ED0100EBD811 /* NSMutableURLRequest+Parameters.m */,
				54C1DCD51214ED0100EBD811 /* NSString+URLEncoding.h */,
				54C1DCD61214ED0100EBD811 /* NSString+URLEncoding.m */,
				54C1DCD71214ED0100EBD811 /* NSURL+Base.h */,
				54C1DCD81214ED0100EBD811 /* NSURL+Base.m */,
			);
			name = Categories;
			sourceTree = "<group>";
		};
		54C1DCD21214ECD900EBD811 /* Crytpo */ = {
			isa = PBXGroup;
			children = (
				54C1DCDC1214ED2B00EBD811 /* Base64Transcoder.c */,
				54C1DCDD1214ED2B00EBD811 /* Base64Transcoder.h */,
				54C1DCDE1214ED2B00EBD811 /* hmac.c */,
				54C1DCDF1214ED2B00EBD811 /* hmac.h */,
				54C1DCE01214ED2B00EBD811 /* sha1.c */,
				54C1DCE11214ED2B00EBD811 /* sha1.h */,
			);
			name = Crytpo;
			sourceTree = "<group>";
		};
		54C1DCFA1215103000EBD811 /* JSON */ = {
			isa = PBXGroup;
			children = (
				54C1DCFB1215103000EBD811 /* JSON.h */,
				54C1DCFC1215103000EBD811 /* NSObject+SBJSON.h */,
				54C1DCFD1215103000EBD811 /* NSObject+SBJSON.m */,
				54C1DCFE1215103000EBD811 /* NSString+SBJSON.h */,
				54C1DCFF1215103000EBD811 /* NSString+SBJSON.m */,
				54C1DD001215103000EBD811 /* SBJsonBase.h */,
				54C1DD011215103000EBD811 /* SBJsonBase.m */,
				54C1DD021215103000EBD811 /* SBJsonParser.h */,
				54C1DD031215103000EBD811 /* SBJsonParser.m */,
				54C1DD041215103000EBD811 /* SBJsonWriter.h */,
				54C1DD051215103000EBD811 /* SBJsonWriter.m */,
			);
			path = JSON;
			sourceTree = "<group>";
		};
/* End PBXGroup section */

/* Begin PBXNativeTarget section */
		1D6058900D05DD3D006BFB54 /* NowPlayingFriends */ = {
			isa = PBXNativeTarget;
			buildConfigurationList = 1D6058960D05DD3E006BFB54 /* Build configuration list for PBXNativeTarget "NowPlayingFriends" */;
			buildPhases = (
				1D60588D0D05DD3D006BFB54 /* Resources */,
				1D60588E0D05DD3D006BFB54 /* Sources */,
				1D60588F0D05DD3D006BFB54 /* Frameworks */,
			);
			buildRules = (
			);
			dependencies = (
			);
			name = NowPlayingFriends;
			productName = NowPlayingFriends;
			productReference = 1D6058910D05DD3D006BFB54 /* NowPlayingFriends.app */;
			productType = "com.apple.product-type.application";
		};
/* End PBXNativeTarget section */

/* Begin PBXProject section */
		29B97313FDCFA39411CA2CEA /* Project object */ = {
			isa = PBXProject;
			buildConfigurationList = C01FCF4E08A954540054247B /* Build configuration list for PBXProject "NowPlayingFriends" */;
			compatibilityVersion = "Xcode 3.2";
			hasScannedForEncodings = 1;
			mainGroup = 29B97314FDCFA39411CA2CEA /* CustomTemplate */;
			projectDirPath = "";
			projectRoot = "";
			targets = (
				1D6058900D05DD3D006BFB54 /* NowPlayingFriends */,
			);
		};
/* End PBXProject section */

/* Begin PBXResourcesBuildPhase section */
		1D60588D0D05DD3D006BFB54 /* Resources */ = {
			isa = PBXResourcesBuildPhase;
			buildActionMask = 2147483647;
			files = (
				28AD733F0D9D9553002E5188 /* MainWindow.xib in Resources */,
				54C1DC3E1213F3ED00EBD811 /* NowPlayingViewControllers.xib in Resources */,
				54C1DC8A1214162600EBD811 /* FriendCell.xib in Resources */,
				54C1DCCA1214EC9F00EBD811 /* OATestServer.rb in Resources */,
				54C1DCCD1214EC9F00EBD811 /* README in Resources */,
				54C1E0551217B48C00EBD811 /* MusicPlayerViewController.xib in Resources */,
				5480C3B6121FA14D00F6E1C6 /* 112-group.png in Resources */,
				5480C3C2121FA2BC00F6E1C6 /* 65-note.png in Resources */,
				5480C3C5121FA33900F6E1C6 /* 09-chat2.png in Resources */,
				5480C3C8121FA3A400F6E1C6 /* 120-headphones.png in Resources */,
			);
			runOnlyForDeploymentPostprocessing = 0;
		};
/* End PBXResourcesBuildPhase section */

/* Begin PBXSourcesBuildPhase section */
		1D60588E0D05DD3D006BFB54 /* Sources */ = {
			isa = PBXSourcesBuildPhase;
			buildActionMask = 2147483647;
			files = (
				1D60589B0D05DD56006BFB54 /* main.m in Sources */,
				1D3623260D0F684500981E51 /* NowPlayingFriendsAppDelegate.m in Sources */,
				28193060112F816700ECF9B4 /* NowPlayingFriends.xcdatamodeld in Sources */,
				54C1DC3D1213F3ED00EBD811 /* FriendsViewController.m in Sources */,
				54C1DC88121415DB00EBD811 /* FriendCell.m in Sources */,
				54C1DCC11214EC9F00EBD811 /* OACall.m in Sources */,
				54C1DCC21214EC9F00EBD811 /* OAConsumer.m in Sources */,
				54C1DCC31214EC9F00EBD811 /* OADataFetcher.m in Sources */,
				54C1DCC41214EC9F00EBD811 /* OAHMAC_SHA1SignatureProvider.m in Sources */,
				54C1DCC51214EC9F00EBD811 /* OAMutableURLRequest.m in Sources */,
				54C1DCC61214EC9F00EBD811 /* OAPlaintextSignatureProvider.m in Sources */,
				54C1DCC71214EC9F00EBD811 /* OAProblem.m in Sources */,
				54C1DCC81214EC9F00EBD811 /* OARequestParameter.m in Sources */,
				54C1DCC91214EC9F00EBD811 /* OAServiceTicket.m in Sources */,
				54C1DCCB1214EC9F00EBD811 /* OAToken.m in Sources */,
				54C1DCCC1214EC9F00EBD811 /* OATokenManager.m in Sources */,
				54C1DCD91214ED0100EBD811 /* NSMutableURLRequest+Parameters.m in Sources */,
				54C1DCDA1214ED0100EBD811 /* NSString+URLEncoding.m in Sources */,
				54C1DCDB1214ED0100EBD811 /* NSURL+Base.m in Sources */,
				54C1DCE21214ED2B00EBD811 /* Base64Transcoder.c in Sources */,
				54C1DCE31214ED2B00EBD811 /* hmac.c in Sources */,
				54C1DCE41214ED2B00EBD811 /* sha1.c in Sources */,
				54C1DCED1214F8A900EBD811 /* TwitterClient.m in Sources */,
				54C1DD061215103000EBD811 /* NSObject+SBJSON.m in Sources */,
				54C1DD071215103000EBD811 /* NSString+SBJSON.m in Sources */,
				54C1DD081215103000EBD811 /* SBJsonBase.m in Sources */,
				54C1DD091215103000EBD811 /* SBJsonParser.m in Sources */,
				54C1DD0A1215103000EBD811 /* SBJsonWriter.m in Sources */,
				54C1DFEA1216C77F00EBD811 /* NowPlayingViewController.m in Sources */,
				54C1E00D1216CA7E00EBD811 /* ArtistFriendsViewController.m in Sources */,
				54C1E0131216CB0700EBD811 /* SongFriendsViewController.m in Sources */,
				54C1E0541217B48C00EBD811 /* MusicPlayerViewController.m in Sources */,
			);
			runOnlyForDeploymentPostprocessing = 0;
		};
/* End PBXSourcesBuildPhase section */

/* Begin XCBuildConfiguration section */
		1D6058940D05DD3E006BFB54 /* Debug */ = {
			isa = XCBuildConfiguration;
			buildSettings = {
				ALWAYS_SEARCH_USER_PATHS = NO;
				"CODE_SIGN_IDENTITY[sdk=iphoneos*]" = "iPhone Developer: HIROE Shin (RWZF7NNQ8E)";
				COPY_PHASE_STRIP = NO;
				GCC_DYNAMIC_NO_PIC = NO;
				GCC_OPTIMIZATION_LEVEL = 0;
				GCC_PRECOMPILE_PREFIX_HEADER = YES;
				GCC_PREFIX_HEADER = NowPlayingFriends_Prefix.pch;
				INFOPLIST_FILE = "NowPlayingFriends-Info.plist";
				PRODUCT_NAME = NowPlayingFriends;
				"PROVISIONING_PROFILE[sdk=iphoneos*]" = "A8E2E3E5-4EE5-4965-AFA1-C099B9861C44";
			};
			name = Debug;
		};
		1D6058950D05DD3E006BFB54 /* Release */ = {
			isa = XCBuildConfiguration;
			buildSettings = {
				ALWAYS_SEARCH_USER_PATHS = NO;
				COPY_PHASE_STRIP = YES;
				GCC_PRECOMPILE_PREFIX_HEADER = YES;
				GCC_PREFIX_HEADER = NowPlayingFriends_Prefix.pch;
				INFOPLIST_FILE = "NowPlayingFriends-Info.plist";
				PRODUCT_NAME = NowPlayingFriends;
				VALIDATE_PRODUCT = YES;
			};
			name = Release;
		};
		C01FCF4F08A954540054247B /* Debug */ = {
			isa = XCBuildConfiguration;
			buildSettings = {
				ARCHS = "$(ARCHS_STANDARD_32_BIT)";
				"CODE_SIGN_IDENTITY[sdk=iphoneos*]" = "iPhone Developer";
				GCC_C_LANGUAGE_STANDARD = c99;
				GCC_WARN_ABOUT_RETURN_TYPE = YES;
				GCC_WARN_UNUSED_VARIABLE = YES;
				PREBINDING = NO;
				SDKROOT = iphoneos4.0;
			};
			name = Debug;
		};
		C01FCF5008A954540054247B /* Release */ = {
			isa = XCBuildConfiguration;
			buildSettings = {
				ARCHS = "$(ARCHS_STANDARD_32_BIT)";
				"CODE_SIGN_IDENTITY[sdk=iphoneos*]" = "iPhone Developer";
				GCC_C_LANGUAGE_STANDARD = c99;
				GCC_WARN_ABOUT_RETURN_TYPE = YES;
				GCC_WARN_UNUSED_VARIABLE = YES;
				OTHER_CFLAGS = "-DNS_BLOCK_ASSERTIONS=1";
				PREBINDING = NO;
				SDKROOT = iphoneos4.0;
			};
			name = Release;
		};
/* End XCBuildConfiguration section */

/* Begin XCConfigurationList section */
		1D6058960D05DD3E006BFB54 /* Build configuration list for PBXNativeTarget "NowPlayingFriends" */ = {
			isa = XCConfigurationList;
			buildConfigurations = (
				1D6058940D05DD3E006BFB54 /* Debug */,
				1D6058950D05DD3E006BFB54 /* Release */,
			);
			defaultConfigurationIsVisible = 0;
			defaultConfigurationName = Release;
		};
		C01FCF4E08A954540054247B /* Build configuration list for PBXProject "NowPlayingFriends" */ = {
			isa = XCConfigurationList;
			buildConfigurations = (
				C01FCF4F08A954540054247B /* Debug */,
				C01FCF5008A954540054247B /* Release */,
			);
			defaultConfigurationIsVisible = 0;
			defaultConfigurationName = Release;
		};
/* End XCConfigurationList section */

/* Begin XCVersionGroup section */
		2819305F112F816700ECF9B4 /* NowPlayingFriends.xcdatamodeld */ = {
			isa = XCVersionGroup;
			children = (
				28C3AD890F43EF2300507BA6 /* NowPlayingFriends.xcdatamodel */,
			);
			currentVersion = 28C3AD890F43EF2300507BA6 /* NowPlayingFriends.xcdatamodel */;
			path = NowPlayingFriends.xcdatamodeld;
			sourceTree = "<group>";
			versionGroupType = wrapper.xcdatamodel;
		};
/* End XCVersionGroup section */
	};
	rootObject = 29B97313FDCFA39411CA2CEA /* Project object */;
}
